// !$*UTF8*$!
{
	archiveVersion = 1;
	classes = {
	};
	objectVersion = 55;
	objects = {

/* Begin PBXBuildFile section */
		310D6BE5AF0BC005C6613684 /* Pods_MapIntegration.framework in Frameworks */ = {isa = PBXBuildFile; fileRef = AABCC6961929CF08FAE12486 /* Pods_MapIntegration.framework */; };
		84053D6B28755AD9001959AF /* GooglePathViewController.swift in Sources */ = {isa = PBXBuildFile; fileRef = 84053D6A28755AD9001959AF /* GooglePathViewController.swift */; };
		84053D6D2875648A001959AF /* IosMapViewController.swift in Sources */ = {isa = PBXBuildFile; fileRef = 84053D6C2875648A001959AF /* IosMapViewController.swift */; };
		84053D6F2875D474001959AF /* Place.swift in Sources */ = {isa = PBXBuildFile; fileRef = 84053D6E2875D474001959AF /* Place.swift */; };
		84053D712875D4A2001959AF /* customAnnotationView.swift in Sources */ = {isa = PBXBuildFile; fileRef = 84053D702875D4A2001959AF /* customAnnotationView.swift */; };
		840DF57928741D650003F786 /* GoogleMapViewController.swift in Sources */ = {isa = PBXBuildFile; fileRef = 840DF57828741D650003F786 /* GoogleMapViewController.swift */; };
		840DF57B2874209D0003F786 /* autocompleteSearchViewController.swift in Sources */ = {isa = PBXBuildFile; fileRef = 840DF57A2874209D0003F786 /* autocompleteSearchViewController.swift */; };
		841089202872B5EB0038E247 /* AppDelegate.swift in Sources */ = {isa = PBXBuildFile; fileRef = 8410891F2872B5EB0038E247 /* AppDelegate.swift */; };
		841089222872B5EB0038E247 /* SceneDelegate.swift in Sources */ = {isa = PBXBuildFile; fileRef = 841089212872B5EB0038E247 /* SceneDelegate.swift */; };
		841089242872B5EB0038E247 /* ViewController.swift in Sources */ = {isa = PBXBuildFile; fileRef = 841089232872B5EB0038E247 /* ViewController.swift */; };
		841089272872B5EB0038E247 /* Main.storyboard in Resources */ = {isa = PBXBuildFile; fileRef = 841089252872B5EB0038E247 /* Main.storyboard */; };
		841089292872B5F20038E247 /* Assets.xcassets in Resources */ = {isa = PBXBuildFile; fileRef = 841089282872B5F20038E247 /* Assets.xcassets */; };
		8410892C2872B5F20038E247 /* LaunchScreen.storyboard in Resources */ = {isa = PBXBuildFile; fileRef = 8410892A2872B5F20038E247 /* LaunchScreen.storyboard */; };
		841089342872C6990038E247 /* ResultViewController.swift in Sources */ = {isa = PBXBuildFile; fileRef = 841089332872C6990038E247 /* ResultViewController.swift */; };
		841089362873209C0038E247 /* GooglePlacesManager.swift in Sources */ = {isa = PBXBuildFile; fileRef = 841089352873209C0038E247 /* GooglePlacesManager.swift */; };
		84EC60F8287C0C9F00F1DCC1 /* ClusterViewController.swift in Sources */ = {isa = PBXBuildFile; fileRef = 84EC60F7287C0C9F00F1DCC1 /* ClusterViewController.swift */; };
		84EC60FB287C0E9300F1DCC1 /* pinClusterViewController.swift in Sources */ = {isa = PBXBuildFile; fileRef = 84EC60FA287C0E9300F1DCC1 /* pinClusterViewController.swift */; };
/* End PBXBuildFile section */

/* Begin PBXFileReference section */
		08C4F254037A3C6F8EF84AFD /* Pods-MapIntegration.debug.xcconfig */ = {isa = PBXFileReference; includeInIndex = 1; lastKnownFileType = text.xcconfig; name = "Pods-MapIntegration.debug.xcconfig"; path = "Target Support Files/Pods-MapIntegration/Pods-MapIntegration.debug.xcconfig"; sourceTree = "<group>"; };
		84053D6A28755AD9001959AF /* GooglePathViewController.swift */ = {isa = PBXFileReference; lastKnownFileType = sourcecode.swift; path = GooglePathViewController.swift; sourceTree = "<group>"; };
		84053D6C2875648A001959AF /* IosMapViewController.swift */ = {isa = PBXFileReference; lastKnownFileType = sourcecode.swift; path = IosMapViewController.swift; sourceTree = "<group>"; };
		84053D6E2875D474001959AF /* Place.swift */ = {isa = PBXFileReference; lastKnownFileType = sourcecode.swift; path = Place.swift; sourceTree = "<group>"; };
		84053D702875D4A2001959AF /* customAnnotationView.swift */ = {isa = PBXFileReference; lastKnownFileType = sourcecode.swift; path = customAnnotationView.swift; sourceTree = "<group>"; };
		840DF57828741D650003F786 /* GoogleMapViewController.swift */ = {isa = PBXFileReference; lastKnownFileType = sourcecode.swift; path = GoogleMapViewController.swift; sourceTree = "<group>"; };
		840DF57A2874209D0003F786 /* autocompleteSearchViewController.swift */ = {isa = PBXFileReference; lastKnownFileType = sourcecode.swift; path = autocompleteSearchViewController.swift; sourceTree = "<group>"; };
		8410891C2872B5EB0038E247 /* MapIntegration.app */ = {isa = PBXFileReference; explicitFileType = wrapper.application; includeInIndex = 0; path = MapIntegration.app; sourceTree = BUILT_PRODUCTS_DIR; };
		8410891F2872B5EB0038E247 /* AppDelegate.swift */ = {isa = PBXFileReference; lastKnownFileType = sourcecode.swift; path = AppDelegate.swift; sourceTree = "<group>"; };
		841089212872B5EB0038E247 /* SceneDelegate.swift */ = {isa = PBXFileReference; lastKnownFileType = sourcecode.swift; path = SceneDelegate.swift; sourceTree = "<group>"; };
		841089232872B5EB0038E247 /* ViewController.swift */ = {isa = PBXFileReference; lastKnownFileType = sourcecode.swift; path = ViewController.swift; sourceTree = "<group>"; };
		841089262872B5EB0038E247 /* Base */ = {isa = PBXFileReference; lastKnownFileType = file.storyboard; name = Base; path = Base.lproj/Main.storyboard; sourceTree = "<group>"; };
		841089282872B5F20038E247 /* Assets.xcassets */ = {isa = PBXFileReference; lastKnownFileType = folder.assetcatalog; path = Assets.xcassets; sourceTree = "<group>"; };
		8410892B2872B5F20038E247 /* Base */ = {isa = PBXFileReference; lastKnownFileType = file.storyboard; name = Base; path = Base.lproj/LaunchScreen.storyboard; sourceTree = "<group>"; };
		8410892D2872B5F20038E247 /* Info.plist */ = {isa = PBXFileReference; lastKnownFileType = text.plist.xml; path = Info.plist; sourceTree = "<group>"; };
		841089332872C6990038E247 /* ResultViewController.swift */ = {isa = PBXFileReference; lastKnownFileType = sourcecode.swift; path = ResultViewController.swift; sourceTree = "<group>"; };
		841089352873209C0038E247 /* GooglePlacesManager.swift */ = {isa = PBXFileReference; lastKnownFileType = sourcecode.swift; path = GooglePlacesManager.swift; sourceTree = "<group>"; };
		84EC60F7287C0C9F00F1DCC1 /* ClusterViewController.swift */ = {isa = PBXFileReference; fileEncoding = 4; lastKnownFileType = sourcecode.swift; path = ClusterViewController.swift; sourceTree = "<group>"; };
		84EC60FA287C0E9300F1DCC1 /* pinClusterViewController.swift */ = {isa = PBXFileReference; lastKnownFileType = sourcecode.swift; path = pinClusterViewController.swift; sourceTree = "<group>"; };
		8823AF5CBF149125652A6CFA /* Pods-MapIntegration.release.xcconfig */ = {isa = PBXFileReference; includeInIndex = 1; lastKnownFileType = text.xcconfig; name = "Pods-MapIntegration.release.xcconfig"; path = "Target Support Files/Pods-MapIntegration/Pods-MapIntegration.release.xcconfig"; sourceTree = "<group>"; };
		AABCC6961929CF08FAE12486 /* Pods_MapIntegration.framework */ = {isa = PBXFileReference; explicitFileType = wrapper.framework; includeInIndex = 0; path = Pods_MapIntegration.framework; sourceTree = BUILT_PRODUCTS_DIR; };
/* End PBXFileReference section */

/* Begin PBXFrameworksBuildPhase section */
		841089192872B5EB0038E247 /* Frameworks */ = {
			isa = PBXFrameworksBuildPhase;
			buildActionMask = 2147483647;
			files = (
				310D6BE5AF0BC005C6613684 /* Pods_MapIntegration.framework in Frameworks */,
			);
			runOnlyForDeploymentPostprocessing = 0;
		};
/* End PBXFrameworksBuildPhase section */

/* Begin PBXGroup section */
		6B35ADE450A5283374BFB1F3 /* Pods */ = {
			isa = PBXGroup;
			children = (
				08C4F254037A3C6F8EF84AFD /* Pods-MapIntegration.debug.xcconfig */,
				8823AF5CBF149125652A6CFA /* Pods-MapIntegration.release.xcconfig */,
			);
			path = Pods;
			sourceTree = "<group>";
		};
		84053D722875D4B8001959AF /* Modals */ = {
			isa = PBXGroup;
			children = (
				84053D6E2875D474001959AF /* Place.swift */,
				84053D702875D4A2001959AF /* customAnnotationView.swift */,
			);
			path = Modals;
			sourceTree = "<group>";
		};
		840DF57728741D490003F786 /* New Group */ = {
			isa = PBXGroup;
			children = (
				841089352873209C0038E247 /* GooglePlacesManager.swift */,
				841089332872C6990038E247 /* ResultViewController.swift */,
				840DF57828741D650003F786 /* GoogleMapViewController.swift */,
				840DF57A2874209D0003F786 /* autocompleteSearchViewController.swift */,
			);
			path = "New Group";
			sourceTree = "<group>";
		};
		841089132872B5EB0038E247 = {
			isa = PBXGroup;
			children = (
				8410891E2872B5EB0038E247 /* MapIntegration */,
				8410891D2872B5EB0038E247 /* Products */,
				6B35ADE450A5283374BFB1F3 /* Pods */,
				E34127EABFEB318A962684DE /* Frameworks */,
			);
			sourceTree = "<group>";
		};
		8410891D2872B5EB0038E247 /* Products */ = {
			isa = PBXGroup;
			children = (
				8410891C2872B5EB0038E247 /* MapIntegration.app */,
			);
			name = Products;
			sourceTree = "<group>";
		};
		8410891E2872B5EB0038E247 /* MapIntegration */ = {
			isa = PBXGroup;
			children = (
				840DF57728741D490003F786 /* New Group */,
				8410891F2872B5EB0038E247 /* AppDelegate.swift */,
				84EC60F9287C0E2500F1DCC1 /* Cluster */,
				841089212872B5EB0038E247 /* SceneDelegate.swift */,
				841089232872B5EB0038E247 /* ViewController.swift */,
				84053D6C2875648A001959AF /* IosMapViewController.swift */,
				84EC60F7287C0C9F00F1DCC1 /* ClusterViewController.swift */,
				84053D6A28755AD9001959AF /* GooglePathViewController.swift */,
				84053D722875D4B8001959AF /* Modals */,
				841089252872B5EB0038E247 /* Main.storyboard */,
				841089282872B5F20038E247 /* Assets.xcassets */,
				8410892A2872B5F20038E247 /* LaunchScreen.storyboard */,
				8410892D2872B5F20038E247 /* Info.plist */,
			);
			path = MapIntegration;
			sourceTree = "<group>";
		};
		84EC60F9287C0E2500F1DCC1 /* Cluster */ = {
			isa = PBXGroup;
			children = (
				84EC60FA287C0E9300F1DCC1 /* pinClusterViewController.swift */,
			);
			path = Cluster;
			sourceTree = "<group>";
		};
		E34127EABFEB318A962684DE /* Frameworks */ = {
			isa = PBXGroup;
			children = (
				AABCC6961929CF08FAE12486 /* Pods_MapIntegration.framework */,
			);
			name = Frameworks;
			sourceTree = "<group>";
		};
/* End PBXGroup section */

/* Begin PBXNativeTarget section */
		8410891B2872B5EB0038E247 /* MapIntegration */ = {
			isa = PBXNativeTarget;
			buildConfigurationList = 841089302872B5F20038E247 /* Build configuration list for PBXNativeTarget "MapIntegration" */;
			buildPhases = (
				7F59DEA376A66107B3880A38 /* [CP] Check Pods Manifest.lock */,
				841089182872B5EB0038E247 /* Sources */,
				841089192872B5EB0038E247 /* Frameworks */,
				8410891A2872B5EB0038E247 /* Resources */,
				BF236BCC2F20557A11941075 /* [CP] Embed Pods Frameworks */,
				9B5040C59309DC30D5A02FF5 /* [CP] Copy Pods Resources */,
			);
			buildRules = (
			);
			dependencies = (
			);
			name = MapIntegration;
			productName = MapIntegration;
			productReference = 8410891C2872B5EB0038E247 /* MapIntegration.app */;
			productType = "com.apple.product-type.application";
		};
/* End PBXNativeTarget section */

/* Begin PBXProject section */
		841089142872B5EB0038E247 /* Project object */ = {
			isa = PBXProject;
			attributes = {
				BuildIndependentTargetsInParallel = 1;
				LastSwiftUpdateCheck = 1340;
				LastUpgradeCheck = 1340;
				TargetAttributes = {
					8410891B2872B5EB0038E247 = {
						CreatedOnToolsVersion = 13.4.1;
					};
				};
			};
			buildConfigurationList = 841089172872B5EB0038E247 /* Build configuration list for PBXProject "MapIntegration" */;
			compatibilityVersion = "Xcode 13.0";
			developmentRegion = en;
			hasScannedForEncodings = 0;
			knownRegions = (
				en,
				Base,
			);
			mainGroup = 841089132872B5EB0038E247;
			productRefGroup = 8410891D2872B5EB0038E247 /* Products */;
			projectDirPath = "";
			projectRoot = "";
			targets = (
				8410891B2872B5EB0038E247 /* MapIntegration */,
			);
		};
/* End PBXProject section */

/* Begin PBXResourcesBuildPhase section */
		8410891A2872B5EB0038E247 /* Resources */ = {
			isa = PBXResourcesBuildPhase;
			buildActionMask = 2147483647;
			files = (
				8410892C2872B5F20038E247 /* LaunchScreen.storyboard in Resources */,
				841089292872B5F20038E247 /* Assets.xcassets in Resources */,
				841089272872B5EB0038E247 /* Main.storyboard in Resources */,
			);
			runOnlyForDeploymentPostprocessing = 0;
		};
/* End PBXResourcesBuildPhase section */

/* Begin PBXShellScriptBuildPhase section */
		7F59DEA376A66107B3880A38 /* [CP] Check Pods Manifest.lock */ = {
			isa = PBXShellScriptBuildPhase;
			buildActionMask = 2147483647;
			files = (
			);
			inputFileListPaths = (
			);
			inputPaths = (
				"${PODS_PODFILE_DIR_PATH}/Podfile.lock",
				"${PODS_ROOT}/Manifest.lock",
			);
			name = "[CP] Check Pods Manifest.lock";
			outputFileListPaths = (
			);
			outputPaths = (
				"$(DERIVED_FILE_DIR)/Pods-MapIntegration-checkManifestLockResult.txt",
			);
			runOnlyForDeploymentPostprocessing = 0;
			shellPath = /bin/sh;
			shellScript = "diff \"${PODS_PODFILE_DIR_PATH}/Podfile.lock\" \"${PODS_ROOT}/Manifest.lock\" > /dev/null\nif [ $? != 0 ] ; then\n    # print error to STDERR\n    echo \"error: The sandbox is not in sync with the Podfile.lock. Run 'pod install' or update your CocoaPods installation.\" >&2\n    exit 1\nfi\n# This output is used by Xcode 'outputs' to avoid re-running this script phase.\necho \"SUCCESS\" > \"${SCRIPT_OUTPUT_FILE_0}\"\n";
			showEnvVarsInLog = 0;
		};
		9B5040C59309DC30D5A02FF5 /* [CP] Copy Pods Resources */ = {
			isa = PBXShellScriptBuildPhase;
			buildActionMask = 2147483647;
			files = (
			);
			inputFileListPaths = (
				"${PODS_ROOT}/Target Support Files/Pods-MapIntegration/Pods-MapIntegration-resources-${CONFIGURATION}-input-files.xcfilelist",
			);
			name = "[CP] Copy Pods Resources";
			outputFileListPaths = (
				"${PODS_ROOT}/Target Support Files/Pods-MapIntegration/Pods-MapIntegration-resources-${CONFIGURATION}-output-files.xcfilelist",
			);
			runOnlyForDeploymentPostprocessing = 0;
			shellPath = /bin/sh;
			shellScript = "\"${PODS_ROOT}/Target Support Files/Pods-MapIntegration/Pods-MapIntegration-resources.sh\"\n";
			showEnvVarsInLog = 0;
		};
		BF236BCC2F20557A11941075 /* [CP] Embed Pods Frameworks */ = {
			isa = PBXShellScriptBuildPhase;
			buildActionMask = 2147483647;
			files = (
			);
			inputFileListPaths = (
				"${PODS_ROOT}/Target Support Files/Pods-MapIntegration/Pods-MapIntegration-frameworks-${CONFIGURATION}-input-files.xcfilelist",
			);
			name = "[CP] Embed Pods Frameworks";
			outputFileListPaths = (
				"${PODS_ROOT}/Target Support Files/Pods-MapIntegration/Pods-MapIntegration-frameworks-${CONFIGURATION}-output-files.xcfilelist",
			);
			runOnlyForDeploymentPostprocessing = 0;
			shellPath = /bin/sh;
			shellScript = "\"${PODS_ROOT}/Target Support Files/Pods-MapIntegration/Pods-MapIntegration-frameworks.sh\"\n";
			showEnvVarsInLog = 0;
		};
/* End PBXShellScriptBuildPhase section */

/* Begin PBXSourcesBuildPhase section */
		841089182872B5EB0038E247 /* Sources */ = {
			isa = PBXSourcesBuildPhase;
			buildActionMask = 2147483647;
			files = (
				84EC60FB287C0E9300F1DCC1 /* pinClusterViewController.swift in Sources */,
				841089242872B5EB0038E247 /* ViewController.swift in Sources */,
				841089202872B5EB0038E247 /* AppDelegate.swift in Sources */,
				84053D6B28755AD9001959AF /* GooglePathViewController.swift in Sources */,
				84053D712875D4A2001959AF /* customAnnotationView.swift in Sources */,
				840DF57B2874209D0003F786 /* autocompleteSearchViewController.swift in Sources */,
				84053D6D2875648A001959AF /* IosMapViewController.swift in Sources */,
				840DF57928741D650003F786 /* GoogleMapViewController.swift in Sources */,
				841089222872B5EB0038E247 /* SceneDelegate.swift in Sources */,
				841089342872C6990038E247 /* ResultViewController.swift in Sources */,
				841089362873209C0038E247 /* GooglePlacesManager.swift in Sources */,
				84053D6F2875D474001959AF /* Place.swift in Sources */,
				84EC60F8287C0C9F00F1DCC1 /* ClusterViewController.swift in Sources */,
			);
			runOnlyForDeploymentPostprocessing = 0;
		};
/* End PBXSourcesBuildPhase section */

/* Begin PBXVariantGroup section */
		841089252872B5EB0038E247 /* Main.storyboard */ = {
			isa = PBXVariantGroup;
			children = (
				841089262872B5EB0038E247 /* Base */,
			);
			name = Main.storyboard;
			sourceTree = "<group>";
		};
		8410892A2872B5F20038E247 /* LaunchScreen.storyboard */ = {
			isa = PBXVariantGroup;
			children = (
				8410892B2872B5F20038E247 /* Base */,
			);
			name = LaunchScreen.storyboard;
			sourceTree = "<group>";
		};
/* End PBXVariantGroup section */

/* Begin XCBuildConfiguration section */
		8410892E2872B5F20038E247 /* Debug */ = {
			isa = XCBuildConfiguration;
			buildSettings = {
				ALWAYS_SEARCH_USER_PATHS = NO;
				CLANG_ANALYZER_NONNULL = YES;
				CLANG_ANALYZER_NUMBER_OBJECT_CONVERSION = YES_AGGRESSIVE;
				CLANG_CXX_LANGUAGE_STANDARD = "gnu++17";
				CLANG_ENABLE_MODULES = YES;
				CLANG_ENABLE_OBJC_ARC = YES;
				CLANG_ENABLE_OBJC_WEAK = YES;
				CLANG_WARN_BLOCK_CAPTURE_AUTORELEASING = YES;
				CLANG_WARN_BOOL_CONVERSION = YES;
				CLANG_WARN_COMMA = YES;
				CLANG_WARN_CONSTANT_CONVERSION = YES;
				CLANG_WARN_DEPRECATED_OBJC_IMPLEMENTATIONS = YES;
				CLANG_WARN_DIRECT_OBJC_ISA_USAGE = YES_ERROR;
				CLANG_WARN_DOCUMENTATION_COMMENTS = YES;
				CLANG_WARN_EMPTY_BODY = YES;
				CLANG_WARN_ENUM_CONVERSION = YES;
				CLANG_WARN_INFINITE_RECURSION = YES;
				CLANG_WARN_INT_CONVERSION = YES;
				CLANG_WARN_NON_LITERAL_NULL_CONVERSION = YES;
				CLANG_WARN_OBJC_IMPLICIT_RETAIN_SELF = YES;
				CLANG_WARN_OBJC_LITERAL_CONVERSION = YES;
				CLANG_WARN_OBJC_ROOT_CLASS = YES_ERROR;
				CLANG_WARN_QUOTED_INCLUDE_IN_FRAMEWORK_HEADER = YES;
				CLANG_WARN_RANGE_LOOP_ANALYSIS = YES;
				CLANG_WARN_STRICT_PROTOTYPES = YES;
				CLANG_WARN_SUSPICIOUS_MOVE = YES;
				CLANG_WARN_UNGUARDED_AVAILABILITY = YES_AGGRESSIVE;
				CLANG_WARN_UNREACHABLE_CODE = YES;
				CLANG_WARN__DUPLICATE_METHOD_MATCH = YES;
				COPY_PHASE_STRIP = NO;
				DEBUG_INFORMATION_FORMAT = dwarf;
				ENABLE_STRICT_OBJC_MSGSEND = YES;
				ENABLE_TESTABILITY = YES;
				GCC_C_LANGUAGE_STANDARD = gnu11;
				GCC_DYNAMIC_NO_PIC = NO;
				GCC_NO_COMMON_BLOCKS = YES;
				GCC_OPTIMIZATION_LEVEL = 0;
				GCC_PREPROCESSOR_DEFINITIONS = (
					"DEBUG=1",
					"$(inherited)",
				);
				GCC_WARN_64_TO_32_BIT_CONVERSION = YES;
				GCC_WARN_ABOUT_RETURN_TYPE = YES_ERROR;
				GCC_WARN_UNDECLARED_SELECTOR = YES;
				GCC_WARN_UNINITIALIZED_AUTOS = YES_AGGRESSIVE;
				GCC_WARN_UNUSED_FUNCTION = YES;
				GCC_WARN_UNUSED_VARIABLE = YES;
				IPHONEOS_DEPLOYMENT_TARGET = 15.5;
				MTL_ENABLE_DEBUG_INFO = INCLUDE_SOURCE;
				MTL_FAST_MATH = YES;
				ONLY_ACTIVE_ARCH = YES;
				SDKROOT = iphoneos;
				SWIFT_ACTIVE_COMPILATION_CONDITIONS = DEBUG;
				SWIFT_OPTIMIZATION_LEVEL = "-Onone";
			};
			name = Debug;
		};
		8410892F2872B5F20038E247 /* Release */ = {
			isa = XCBuildConfiguration;
			buildSettings = {
				ALWAYS_SEARCH_USER_PATHS = NO;
				CLANG_ANALYZER_NONNULL = YES;
				CLANG_ANALYZER_NUMBER_OBJECT_CONVERSION = YES_AGGRESSIVE;
				CLANG_CXX_LANGUAGE_STANDARD = "gnu++17";
				CLANG_ENABLE_MODULES = YES;
				CLANG_ENABLE_OBJC_ARC = YES;
				CLANG_ENABLE_OBJC_WEAK = YES;
				CLANG_WARN_BLOCK_CAPTURE_AUTORELEASING = YES;
				CLANG_WARN_BOOL_CONVERSION = YES;
				CLANG_WARN_COMMA = YES;
				CLANG_WARN_CONSTANT_CONVERSION = YES;
				CLANG_WARN_DEPRECATED_OBJC_IMPLEMENTATIONS = YES;
				CLANG_WARN_DIRECT_OBJC_ISA_USAGE = YES_ERROR;
				CLANG_WARN_DOCUMENTATION_COMMENTS = YES;
				CLANG_WARN_EMPTY_BODY = YES;
				CLANG_WARN_ENUM_CONVERSION = YES;
				CLANG_WARN_INFINITE_RECURSION = YES;
				CLANG_WARN_INT_CONVERSION = YES;
				CLANG_WARN_NON_LITERAL_NULL_CONVERSION = YES;
				CLANG_WARN_OBJC_IMPLICIT_RETAIN_SELF = YES;
				CLANG_WARN_OBJC_LITERAL_CONVERSION = YES;
				CLANG_WARN_OBJC_ROOT_CLASS = YES_ERROR;
				CLANG_WARN_QUOTED_INCLUDE_IN_FRAMEWORK_HEADER = YES;
				CLANG_WARN_RANGE_LOOP_ANALYSIS = YES;
				CLANG_WARN_STRICT_PROTOTYPES = YES;
				CLANG_WARN_SUSPICIOUS_MOVE = YES;
				CLANG_WARN_UNGUARDED_AVAILABILITY = YES_AGGRESSIVE;
				CLANG_WARN_UNREACHABLE_CODE = YES;
				CLANG_WARN__DUPLICATE_METHOD_MATCH = YES;
				COPY_PHASE_STRIP = NO;
				DEBUG_INFORMATION_FORMAT = "dwarf-with-dsym";
				ENABLE_NS_ASSERTIONS = NO;
				ENABLE_STRICT_OBJC_MSGSEND = YES;
				GCC_C_LANGUAGE_STANDARD = gnu11;
				GCC_NO_COMMON_BLOCKS = YES;
				GCC_WARN_64_TO_32_BIT_CONVERSION = YES;
				GCC_WARN_ABOUT_RETURN_TYPE = YES_ERROR;
				GCC_WARN_UNDECLARED_SELECTOR = YES;
				GCC_WARN_UNINITIALIZED_AUTOS = YES_AGGRESSIVE;
				GCC_WARN_UNUSED_FUNCTION = YES;
				GCC_WARN_UNUSED_VARIABLE = YES;
				IPHONEOS_DEPLOYMENT_TARGET = 15.5;
				MTL_ENABLE_DEBUG_INFO = NO;
				MTL_FAST_MATH = YES;
				SDKROOT = iphoneos;
				SWIFT_COMPILATION_MODE = wholemodule;
				SWIFT_OPTIMIZATION_LEVEL = "-O";
				VALIDATE_PRODUCT = YES;
			};
			name = Release;
		};
		841089312872B5F20038E247 /* Debug */ = {
			isa = XCBuildConfiguration;
			baseConfigurationReference = 08C4F254037A3C6F8EF84AFD /* Pods-MapIntegration.debug.xcconfig */;
			buildSettings = {
				ASSETCATALOG_COMPILER_APPICON_NAME = AppIcon;
				ASSETCATALOG_COMPILER_GLOBAL_ACCENT_COLOR_NAME = AccentColor;
				CODE_SIGN_STYLE = Automatic;
				CURRENT_PROJECT_VERSION = 1;
				GENERATE_INFOPLIST_FILE = YES;
				INFOPLIST_FILE = MapIntegration/Info.plist;
				INFOPLIST_KEY_UIApplicationSupportsIndirectInputEvents = YES;
				INFOPLIST_KEY_UILaunchStoryboardName = LaunchScreen;
				INFOPLIST_KEY_UIMainStoryboardFile = Main;
				INFOPLIST_KEY_UISupportedInterfaceOrientations_iPad = "UIInterfaceOrientationPortrait UIInterfaceOrientationPortraitUpsideDown UIInterfaceOrientationLandscapeLeft UIInterfaceOrientationLandscapeRight";
				INFOPLIST_KEY_UISupportedInterfaceOrientations_iPhone = "UIInterfaceOrientationPortrait UIInterfaceOrientationLandscapeLeft UIInterfaceOrientationLandscapeRight";
				LD_RUNPATH_SEARCH_PATHS = (
					"$(inherited)",
					"@executable_path/Frameworks",
				);
				MARKETING_VERSION = 1.0;
				PRODUCT_BUNDLE_IDENTIFIER = aapna.MapIntegration;
				PRODUCT_NAME = "$(TARGET_NAME)";
				SWIFT_EMIT_LOC_STRINGS = YES;
				SWIFT_VERSION = 5.0;
				TARGETED_DEVICE_FAMILY = "1,2";
			};
			name = Debug;
		};
		841089322872B5F20038E247 /* Release */ = {
			isa = XCBuildConfiguration;
			baseConfigurationReference = 8823AF5CBF149125652A6CFA /* Pods-MapIntegration.release.xcconfig */;
			buildSettings = {
				ASSETCATALOG_COMPILER_APPICON_NAME = AppIcon;
				ASSETCATALOG_COMPILER_GLOBAL_ACCENT_COLOR_NAME = AccentColor;
				CODE_SIGN_STYLE = Automatic;
				CURRENT_PROJECT_VERSION = 1;
				GENERATE_INFOPLIST_FILE = YES;
				INFOPLIST_FILE = MapIntegration/Info.plist;
				INFOPLIST_KEY_UIApplicationSupportsIndirectInputEvents = YES;
				INFOPLIST_KEY_UILaunchStoryboardName = LaunchScreen;
				INFOPLIST_KEY_UIMainStoryboardFile = Main;
				INFOPLIST_KEY_UISupportedInterfaceOrientations_iPad = "UIInterfaceOrientationPortrait UIInterfaceOrientationPortraitUpsideDown UIInterfaceOrientationLandscapeLeft UIInterfaceOrientationLandscapeRight";
				INFOPLIST_KEY_UISupportedInterfaceOrientations_iPhone = "UIInterfaceOrientationPortrait UIInterfaceOrientationLandscapeLeft UIInterfaceOrientationLandscapeRight";
				LD_RUNPATH_SEARCH_PATHS = (
					"$(inherited)",
					"@executable_path/Frameworks",
				);
				MARKETING_VERSION = 1.0;
				PRODUCT_BUNDLE_IDENTIFIER = aapna.MapIntegration;
				PRODUCT_NAME = "$(TARGET_NAME)";
				SWIFT_EMIT_LOC_STRINGS = YES;
				SWIFT_VERSION = 5.0;
				TARGETED_DEVICE_FAMILY = "1,2";
			};
			name = Release;
		};
/* End XCBuildConfiguration section */

/* Begin XCConfigurationList section */
		841089172872B5EB0038E247 /* Build configuration list for PBXProject "MapIntegration" */ = {
			isa = XCConfigurationList;
			buildConfigurations = (
				8410892E2872B5F20038E247 /* Debug */,
				8410892F2872B5F20038E247 /* Release */,
			);
			defaultConfigurationIsVisible = 0;
			defaultConfigurationName = Release;
		};
		841089302872B5F20038E247 /* Build configuration list for PBXNativeTarget "MapIntegration" */ = {
			isa = XCConfigurationList;
			buildConfigurations = (
				841089312872B5F20038E247 /* Debug */,
				841089322872B5F20038E247 /* Release */,
			);
			defaultConfigurationIsVisible = 0;
			defaultConfigurationName = Release;
		};
/* End XCConfigurationList section */
	};
	rootObject = 841089142872B5EB0038E247 /* Project object */;
}
